
Microsoft Visual Studio Solution File, Format Version 12.00
# Visual Studio 15
VisualStudioVersion = 15.0.28307.757
MinimumVisualStudioVersion = 10.0.40219.1
Project("{FAE04EC0-301F-11D3-BF4B-00C04F79EFBC}") = "aspdotnetcoreidentity", "aspdotnetcoreidentity\aspdotnetcoreidentity.csproj", "{3F8C1F46-0BBC-4319-9FE9-4AA4245D7A46}"
EndProject
Global
	GlobalSection(SolutionConfigurationPlatforms) = preSolution
		Debug|Any CPU = Debug|Any CPU
		Release|Any CPU = Release|Any CPU
	EndGlobalSection
	GlobalSection(ProjectConfigurationPlatforms) = postSolution
		{3F8C1F46-0BBC-4319-9FE9-4AA4245D7A46}.Debug|Any CPU.ActiveCfg = Debug|Any CPU
		{3F8C1F46-0BBC-4319-9FE9-4AA4245D7A46}.Debug|Any CPU.Build.0 = Debug|Any CPU
		{3F8C1F46-0BBC-4319-9FE9-4AA4245D7A46}.Release|Any CPU.ActiveCfg = Release|Any CPU
		{3F8C1F46-0BBC-4319-9FE9-4AA4245D7A46}.Release|Any CPU.Build.0 = Release|Any CPU
	EndGlobalSection
	GlobalSection(SolutionProperties) = preSolution
		HideSolutionNode = FALSE
	EndGlobalSection
	GlobalSection(ExtensibilityGlobals) = postSolution
		SolutionGuid = {A3A0D1AB-E67A-48B0-A344-121CDBE0A59B}
	EndGlobalSection
EndGlobal
